
Microsoft Visual Studio Solution File, Format Version 12.00
# Visual Studio 14
VisualStudioVersion = 14.0.25420.1
MinimumVisualStudioVersion = 10.0.40219.1
Project("{FAE04EC0-301F-11D3-BF4B-00C04F79EFBC}") = "WebApplication1", "WebApplication1\WebApplication1.csproj", "{7CFD8BF6-6935-488A-A776-30BA852BA38C}"
EndProject
Project("{FAE04EC0-301F-11D3-BF4B-00C04F79EFBC}") = "Domain", "Domain\Domain.csproj", "{298F6BF7-DC3E-4736-A3CB-CAA02C32445F}"
EndProject
Project("{FAE04EC0-301F-11D3-BF4B-00C04F79EFBC}") = "Modle", "Modle\Modle.csproj", "{864B1C08-3064-49CC-9C4F-4399954E0426}"
EndProject
Global
	GlobalSection(SolutionConfigurationPlatforms) = preSolution
		Debug|Any CPU = Debug|Any CPU
		Release|Any CPU = Release|Any CPU
	EndGlobalSection
	GlobalSection(ProjectConfigurationPlatforms) = postSolution
		{7CFD8BF6-6935-488A-A776-30BA852BA38C}.Debug|Any CPU.ActiveCfg = Debug|Any CPU
		{7CFD8BF6-6935-488A-A776-30BA852BA38C}.Debug|Any CPU.Build.0 = Debug|Any CPU
		{7CFD8BF6-6935-488A-A776-30BA852BA38C}.Release|Any CPU.ActiveCfg = Release|Any CPU
		{7CFD8BF6-6935-488A-A776-30BA852BA38C}.Release|Any CPU.Build.0 = Release|Any CPU
		{298F6BF7-DC3E-4736-A3CB-CAA02C32445F}.Debug|Any CPU.ActiveCfg = Debug|Any CPU
		{298F6BF7-DC3E-4736-A3CB-CAA02C32445F}.Debug|Any CPU.Build.0 = Debug|Any CPU
		{298F6BF7-DC3E-4736-A3CB-CAA02C32445F}.Release|Any CPU.ActiveCfg = Release|Any CPU
		{298F6BF7-DC3E-4736-A3CB-CAA02C32445F}.Release|Any CPU.Build.0 = Release|Any CPU
		{864B1C08-3064-49CC-9C4F-4399954E0426}.Debug|Any CPU.ActiveCfg = Debug|Any CPU
		{864B1C08-3064-49CC-9C4F-4399954E0426}.Debug|Any CPU.Build.0 = Debug|Any CPU
		{864B1C08-3064-49CC-9C4F-4399954E0426}.Release|Any CPU.ActiveCfg = Release|Any CPU
		{864B1C08-3064-49CC-9C4F-4399954E0426}.Release|Any CPU.Build.0 = Release|Any CPU
	EndGlobalSection
	GlobalSection(SolutionProperties) = preSolution
		HideSolutionNode = FALSE
	EndGlobalSection
EndGlobal
